// !$*UTF8*$!
{
	archiveVersion = 1;
	classes = {
	};
	objectVersion = 55;
	objects = {

/* Begin PBXBuildFile section */
		223DCE442898EDCE00309EAC /* AppDelegate.swift in Sources */ = {isa = PBXBuildFile; fileRef = 223DCE432898EDCE00309EAC /* AppDelegate.swift */; };
		223DCE462898EDCE00309EAC /* SceneDelegate.swift in Sources */ = {isa = PBXBuildFile; fileRef = 223DCE452898EDCE00309EAC /* SceneDelegate.swift */; };
		223DCE482898EDCE00309EAC /* ViewController.swift in Sources */ = {isa = PBXBuildFile; fileRef = 223DCE472898EDCE00309EAC /* ViewController.swift */; };
		223DCE4B2898EDCE00309EAC /* Main.storyboard in Resources */ = {isa = PBXBuildFile; fileRef = 223DCE492898EDCE00309EAC /* Main.storyboard */; };
		223DCE4E2898EDCE00309EAC /* toDoList.xcdatamodeld in Sources */ = {isa = PBXBuildFile; fileRef = 223DCE4C2898EDCE00309EAC /* toDoList.xcdatamodeld */; };
		223DCE502898EDD400309EAC /* Assets.xcassets in Resources */ = {isa = PBXBuildFile; fileRef = 223DCE4F2898EDD400309EAC /* Assets.xcassets */; };
		223DCE532898EDD400309EAC /* LaunchScreen.storyboard in Resources */ = {isa = PBXBuildFile; fileRef = 223DCE512898EDD400309EAC /* LaunchScreen.storyboard */; };
		223DCE5E2898EDD400309EAC /* toDoListTests.swift in Sources */ = {isa = PBXBuildFile; fileRef = 223DCE5D2898EDD400309EAC /* toDoListTests.swift */; };
		223DCE682898EDD500309EAC /* toDoListUITests.swift in Sources */ = {isa = PBXBuildFile; fileRef = 223DCE672898EDD500309EAC /* toDoListUITests.swift */; };
		223DCE6A2898EDD500309EAC /* toDoListUITestsLaunchTests.swift in Sources */ = {isa = PBXBuildFile; fileRef = 223DCE692898EDD500309EAC /* toDoListUITestsLaunchTests.swift */; };
/* End PBXBuildFile section */

/* Begin PBXContainerItemProxy section */
		223DCE5A2898EDD400309EAC /* PBXContainerItemProxy */ = {
			isa = PBXContainerItemProxy;
			containerPortal = 223DCE382898EDCE00309EAC /* Project object */;
			proxyType = 1;
			remoteGlobalIDString = 223DCE3F2898EDCE00309EAC;
			remoteInfo = toDoList;
		};
		223DCE642898EDD500309EAC /* PBXContainerItemProxy */ = {
			isa = PBXContainerItemProxy;
			containerPortal = 223DCE382898EDCE00309EAC /* Project object */;
			proxyType = 1;
			remoteGlobalIDString = 223DCE3F2898EDCE00309EAC;
			remoteInfo = toDoList;
		};
/* End PBXContainerItemProxy section */

/* Begin PBXFileReference section */
		223DCE402898EDCE00309EAC /* toDoList.app */ = {isa = PBXFileReference; explicitFileType = wrapper.application; includeInIndex = 0; path = toDoList.app; sourceTree = BUILT_PRODUCTS_DIR; };
		223DCE432898EDCE00309EAC /* AppDelegate.swift */ = {isa = PBXFileReference; lastKnownFileType = sourcecode.swift; path = AppDelegate.swift; sourceTree = "<group>"; };
		223DCE452898EDCE00309EAC /* SceneDelegate.swift */ = {isa = PBXFileReference; lastKnownFileType = sourcecode.swift; path = SceneDelegate.swift; sourceTree = "<group>"; };
		223DCE472898EDCE00309EAC /* ViewController.swift */ = {isa = PBXFileReference; lastKnownFileType = sourcecode.swift; path = ViewController.swift; sourceTree = "<group>"; };
		223DCE4A2898EDCE00309EAC /* Base */ = {isa = PBXFileReference; lastKnownFileType = file.storyboard; name = Base; path = Base.lproj/Main.storyboard; sourceTree = "<group>"; };
		223DCE4D2898EDCE00309EAC /* toDoList.xcdatamodel */ = {isa = PBXFileReference; lastKnownFileType = wrapper.xcdatamodel; path = toDoList.xcdatamodel; sourceTree = "<group>"; };
		223DCE4F2898EDD400309EAC /* Assets.xcassets */ = {isa = PBXFileReference; lastKnownFileType = folder.assetcatalog; path = Assets.xcassets; sourceTree = "<group>"; };
		223DCE522898EDD400309EAC /* Base */ = {isa = PBXFileReference; lastKnownFileType = file.storyboard; name = Base; path = Base.lproj/LaunchScreen.storyboard; sourceTree = "<group>"; };
		223DCE542898EDD400309EAC /* Info.plist */ = {isa = PBXFileReference; lastKnownFileType = text.plist.xml; path = Info.plist; sourceTree = "<group>"; };
		223DCE592898EDD400309EAC /* toDoListTests.xctest */ = {isa = PBXFileReference; explicitFileType = wrapper.cfbundle; includeInIndex = 0; path = toDoListTests.xctest; sourceTree = BUILT_PRODUCTS_DIR; };
		223DCE5D2898EDD400309EAC /* toDoListTests.swift */ = {isa = PBXFileReference; lastKnownFileType = sourcecode.swift; path = toDoListTests.swift; sourceTree = "<group>"; };
		223DCE632898EDD500309EAC /* toDoListUITests.xctest */ = {isa = PBXFileReference; explicitFileType = wrapper.cfbundle; includeInIndex = 0; path = toDoListUITests.xctest; sourceTree = BUILT_PRODUCTS_DIR; };
		223DCE672898EDD500309EAC /* toDoListUITests.swift */ = {isa = PBXFileReference; lastKnownFileType = sourcecode.swift; path = toDoListUITests.swift; sourceTree = "<group>"; };
		223DCE692898EDD500309EAC /* toDoListUITestsLaunchTests.swift */ = {isa = PBXFileReference; lastKnownFileType = sourcecode.swift; path = toDoListUITestsLaunchTests.swift; sourceTree = "<group>"; };
/* End PBXFileReference section */

/* Begin PBXFrameworksBuildPhase section */
		223DCE3D2898EDCE00309EAC /* Frameworks */ = {
			isa = PBXFrameworksBuildPhase;
			buildActionMask = 2147483647;
			files = (
			);
			runOnlyForDeploymentPostprocessing = 0;
		};
		223DCE562898EDD400309EAC /* Frameworks */ = {
			isa = PBXFrameworksBuildPhase;
			buildActionMask = 2147483647;
			files = (
			);
			runOnlyForDeploymentPostprocessing = 0;
		};
		223DCE602898EDD500309EAC /* Frameworks */ = {
			isa = PBXFrameworksBuildPhase;
			buildActionMask = 2147483647;
			files = (
			);
			runOnlyForDeploymentPostprocessing = 0;
		};
/* End PBXFrameworksBuildPhase section */

/* Begin PBXGroup section */
		223DCE372898EDCE00309EAC = {
			isa = PBXGroup;
			children = (
				223DCE422898EDCE00309EAC /* toDoList */,
				223DCE5C2898EDD400309EAC /* toDoListTests */,
				223DCE662898EDD500309EAC /* toDoListUITests */,
				223DCE412898EDCE00309EAC /* Products */,
			);
			sourceTree = "<group>";
		};
		223DCE412898EDCE00309EAC /* Products */ = {
			isa = PBXGroup;
			children = (
				223DCE402898EDCE00309EAC /* toDoList.app */,
				223DCE592898EDD400309EAC /* toDoListTests.xctest */,
				223DCE632898EDD500309EAC /* toDoListUITests.xctest */,
			);
			name = Products;
			sourceTree = "<group>";
		};
		223DCE422898EDCE00309EAC /* toDoList */ = {
			isa = PBXGroup;
			children = (
				223DCE432898EDCE00309EAC /* AppDelegate.swift */,
				223DCE452898EDCE00309EAC /* SceneDelegate.swift */,
				223DCE472898EDCE00309EAC /* ViewController.swift */,
				223DCE492898EDCE00309EAC /* Main.storyboard */,
				223DCE4F2898EDD400309EAC /* Assets.xcassets */,
				223DCE512898EDD400309EAC /* LaunchScreen.storyboard */,
				223DCE542898EDD400309EAC /* Info.plist */,
				223DCE4C2898EDCE00309EAC /* toDoList.xcdatamodeld */,
			);
			path = toDoList;
			sourceTree = "<group>";
		};
		223DCE5C2898EDD400309EAC /* toDoListTests */ = {
			isa = PBXGroup;
			children = (
				223DCE5D2898EDD400309EAC /* toDoListTests.swift */,
			);
			path = toDoListTests;
			sourceTree = "<group>";
		};
		223DCE662898EDD500309EAC /* toDoListUITests */ = {
			isa = PBXGroup;
			children = (
				223DCE672898EDD500309EAC /* toDoListUITests.swift */,
				223DCE692898EDD500309EAC /* toDoListUITestsLaunchTests.swift */,
			);
			path = toDoListUITests;
			sourceTree = "<group>";
		};
/* End PBXGroup section */

/* Begin PBXNativeTarget section */
		223DCE3F2898EDCE00309EAC /* toDoList */ = {
			isa = PBXNativeTarget;
			buildConfigurationList = 223DCE6D2898EDD500309EAC /* Build configuration list for PBXNativeTarget "toDoList" */;
			buildPhases = (
				223DCE3C2898EDCE00309EAC /* Sources */,
				223DCE3D2898EDCE00309EAC /* Frameworks */,
				223DCE3E2898EDCE00309EAC /* Resources */,
			);
			buildRules = (
			);
			dependencies = (
			);
			name = toDoList;
			productName = toDoList;
			productReference = 223DCE402898EDCE00309EAC /* toDoList.app */;
			productType = "com.apple.product-type.application";
		};
		223DCE582898EDD400309EAC /* toDoListTests */ = {
			isa = PBXNativeTarget;
			buildConfigurationList = 223DCE702898EDD500309EAC /* Build configuration list for PBXNativeTarget "toDoListTests" */;
			buildPhases = (
				223DCE552898EDD400309EAC /* Sources */,
				223DCE562898EDD400309EAC /* Frameworks */,
				223DCE572898EDD400309EAC /* Resources */,
			);
			buildRules = (
			);
			dependencies = (
				223DCE5B2898EDD400309EAC /* PBXTargetDependency */,
			);
			name = toDoListTests;
			productName = toDoListTests;
			productReference = 223DCE592898EDD400309EAC /* toDoListTests.xctest */;
			productType = "com.apple.product-type.bundle.unit-test";
		};
		223DCE622898EDD500309EAC /* toDoListUITests */ = {
			isa = PBXNativeTarget;
			buildConfigurationList = 223DCE732898EDD500309EAC /* Build configuration list for PBXNativeTarget "toDoListUITests" */;
			buildPhases = (
				223DCE5F2898EDD500309EAC /* Sources */,
				223DCE602898EDD500309EAC /* Frameworks */,
				223DCE612898EDD500309EAC /* Resources */,
			);
			buildRules = (
			);
			dependencies = (
				223DCE652898EDD500309EAC /* PBXTargetDependency */,
			);
			name = toDoListUITests;
			productName = toDoListUITests;
			productReference = 223DCE632898EDD500309EAC /* toDoListUITests.xctest */;
			productType = "com.apple.product-type.bundle.ui-testing";
		};
/* End PBXNativeTarget section */

/* Begin PBXProject section */
		223DCE382898EDCE00309EAC /* Project object */ = {
			isa = PBXProject;
			attributes = {
				BuildIndependentTargetsInParallel = 1;
				LastSwiftUpdateCheck = 1340;
				LastUpgradeCheck = 1340;
				TargetAttributes = {
					223DCE3F2898EDCE00309EAC = {
						CreatedOnToolsVersion = 13.4.1;
					};
					223DCE582898EDD400309EAC = {
						CreatedOnToolsVersion = 13.4.1;
						TestTargetID = 223DCE3F2898EDCE00309EAC;
					};
					223DCE622898EDD500309EAC = {
						CreatedOnToolsVersion = 13.4.1;
						TestTargetID = 223DCE3F2898EDCE00309EAC;
					};
				};
			};
			buildConfigurationList = 223DCE3B2898EDCE00309EAC /* Build configuration list for PBXProject "toDoList" */;
			compatibilityVersion = "Xcode 13.0";
			developmentRegion = en;
			hasScannedForEncodings = 0;
			knownRegions = (
				en,
				Base,
			);
			mainGroup = 223DCE372898EDCE00309EAC;
			productRefGroup = 223DCE412898EDCE00309EAC /* Products */;
			projectDirPath = "";
			projectRoot = "";
			targets = (
				223DCE3F2898EDCE00309EAC /* toDoList */,
				223DCE582898EDD400309EAC /* toDoListTests */,
				223DCE622898EDD500309EAC /* toDoListUITests */,
			);
		};
/* End PBXProject section */

/* Begin PBXResourcesBuildPhase section */
		223DCE3E2898EDCE00309EAC /* Resources */ = {
			isa = PBXResourcesBuildPhase;
			buildActionMask = 2147483647;
			files = (
				223DCE532898EDD400309EAC /* LaunchScreen.storyboard in Resources */,
				223DCE502898EDD400309EAC /* Assets.xcassets in Resources */,
				223DCE4B2898EDCE00309EAC /* Main.storyboard in Resources */,
			);
			runOnlyForDeploymentPostprocessing = 0;
		};
		223DCE572898EDD400309EAC /* Resources */ = {
			isa = PBXResourcesBuildPhase;
			buildActionMask = 2147483647;
			files = (
			);
			runOnlyForDeploymentPostprocessing = 0;
		};
		223DCE612898EDD500309EAC /* Resources */ = {
			isa = PBXResourcesBuildPhase;
			buildActionMask = 2147483647;
			files = (
			);
			runOnlyForDeploymentPostprocessing = 0;
		};
/* End PBXResourcesBuildPhase section */

/* Begin PBXSourcesBuildPhase section */
		223DCE3C2898EDCE00309EAC /* Sources */ = {
			isa = PBXSourcesBuildPhase;
			buildActionMask = 2147483647;
			files = (
				223DCE482898EDCE00309EAC /* ViewController.swift in Sources */,
				223DCE442898EDCE00309EAC /* AppDelegate.swift in Sources */,
				223DCE462898EDCE00309EAC /* SceneDelegate.swift in Sources */,
				223DCE4E2898EDCE00309EAC /* toDoList.xcdatamodeld in Sources */,
			);
			runOnlyForDeploymentPostprocessing = 0;
		};
		223DCE552898EDD400309EAC /* Sources */ = {
			isa = PBXSourcesBuildPhase;
			buildActionMask = 2147483647;
			files = (
				223DCE5E2898EDD400309EAC /* toDoListTests.swift in Sources */,
			);
			runOnlyForDeploymentPostprocessing = 0;
		};
		223DCE5F2898EDD500309EAC /* Sources */ = {
			isa = PBXSourcesBuildPhase;
			buildActionMask = 2147483647;
			files = (
				223DCE6A2898EDD500309EAC /* toDoListUITestsLaunchTests.swift in Sources */,
				223DCE682898EDD500309EAC /* toDoListUITests.swift in Sources */,
			);
			runOnlyForDeploymentPostprocessing = 0;
		};
/* End PBXSourcesBuildPhase section */

/* Begin PBXTargetDependency section */
		223DCE5B2898EDD400309EAC /* PBXTargetDependency */ = {
			isa = PBXTargetDependency;
			target = 223DCE3F2898EDCE00309EAC /* toDoList */;
			targetProxy = 223DCE5A2898EDD400309EAC /* PBXContainerItemProxy */;
		};
		223DCE652898EDD500309EAC /* PBXTargetDependency */ = {
			isa = PBXTargetDependency;
			target = 223DCE3F2898EDCE00309EAC /* toDoList */;
			targetProxy = 223DCE642898EDD500309EAC /* PBXContainerItemProxy */;
		};
/* End PBXTargetDependency section */

/* Begin PBXVariantGroup section */
		223DCE492898EDCE00309EAC /* Main.storyboard */ = {
			isa = PBXVariantGroup;
			children = (
				223DCE4A2898EDCE00309EAC /* Base */,
			);
			name = Main.storyboard;
			sourceTree = "<group>";
		};
		223DCE512898EDD400309EAC /* LaunchScreen.storyboard */ = {
			isa = PBXVariantGroup;
			children = (
				223DCE522898EDD400309EAC /* Base */,
			);
			name = LaunchScreen.storyboard;
			sourceTree = "<group>";
		};
/* End PBXVariantGroup section */

/* Begin XCBuildConfiguration section */
		223DCE6B2898EDD500309EAC /* Debug */ = {
			isa = XCBuildConfiguration;
			buildSettings = {
				ALWAYS_SEARCH_USER_PATHS = NO;
				CLANG_ANALYZER_NONNULL = YES;
				CLANG_ANALYZER_NUMBER_OBJECT_CONVERSION = YES_AGGRESSIVE;
				CLANG_CXX_LANGUAGE_STANDARD = "gnu++17";
				CLANG_ENABLE_MODULES = YES;
				CLANG_ENABLE_OBJC_ARC = YES;
				CLANG_ENABLE_OBJC_WEAK = YES;
				CLANG_WARN_BLOCK_CAPTURE_AUTORELEASING = YES;
				CLANG_WARN_BOOL_CONVERSION = YES;
				CLANG_WARN_COMMA = YES;
				CLANG_WARN_CONSTANT_CONVERSION = YES;
				CLANG_WARN_DEPRECATED_OBJC_IMPLEMENTATIONS = YES;
				CLANG_WARN_DIRECT_OBJC_ISA_USAGE = YES_ERROR;
				CLANG_WARN_DOCUMENTATION_COMMENTS = YES;
				CLANG_WARN_EMPTY_BODY = YES;
				CLANG_WARN_ENUM_CONVERSION = YES;
				CLANG_WARN_INFINITE_RECURSION = YES;
				CLANG_WARN_INT_CONVERSION = YES;
				CLANG_WARN_NON_LITERAL_NULL_CONVERSION = YES;
				CLANG_WARN_OBJC_IMPLICIT_RETAIN_SELF = YES;
				CLANG_WARN_OBJC_LITERAL_CONVERSION = YES;
				CLANG_WARN_OBJC_ROOT_CLASS = YES_ERROR;
				CLANG_WARN_QUOTED_INCLUDE_IN_FRAMEWORK_HEADER = YES;
				CLANG_WARN_RANGE_LOOP_ANALYSIS = YES;
				CLANG_WARN_STRICT_PROTOTYPES = YES;
				CLANG_WARN_SUSPICIOUS_MOVE = YES;
				CLANG_WARN_UNGUARDED_AVAILABILITY = YES_AGGRESSIVE;
				CLANG_WARN_UNREACHABLE_CODE = YES;
				CLANG_WARN__DUPLICATE_METHOD_MATCH = YES;
				COPY_PHASE_STRIP = NO;
				DEBUG_INFORMATION_FORMAT = dwarf;
				ENABLE_STRICT_OBJC_MSGSEND = YES;
				ENABLE_TESTABILITY = YES;
				GCC_C_LANGUAGE_STANDARD = gnu11;
				GCC_DYNAMIC_NO_PIC = NO;
				GCC_NO_COMMON_BLOCKS = YES;
				GCC_OPTIMIZATION_LEVEL = 0;
				GCC_PREPROCESSOR_DEFINITIONS = (
					"DEBUG=1",
					"$(inherited)",
				);
				GCC_WARN_64_TO_32_BIT_CONVERSION = YES;
				GCC_WARN_ABOUT_RETURN_TYPE = YES_ERROR;
				GCC_WARN_UNDECLARED_SELECTOR = YES;
				GCC_WARN_UNINITIALIZED_AUTOS = YES_AGGRESSIVE;
				GCC_WARN_UNUSED_FUNCTION = YES;
				GCC_WARN_UNUSED_VARIABLE = YES;
				IPHONEOS_DEPLOYMENT_TARGET = 15.5;
				MTL_ENABLE_DEBUG_INFO = INCLUDE_SOURCE;
				MTL_FAST_MATH = YES;
				ONLY_ACTIVE_ARCH = YES;
				SDKROOT = iphoneos;
				SWIFT_ACTIVE_COMPILATION_CONDITIONS = DEBUG;
				SWIFT_OPTIMIZATION_LEVEL = "-Onone";
			};
			name = Debug;
		};
		223DCE6C2898EDD500309EAC /* Release */ = {
			isa = XCBuildConfiguration;
			buildSettings = {
				ALWAYS_SEARCH_USER_PATHS = NO;
				CLANG_ANALYZER_NONNULL = YES;
				CLANG_ANALYZER_NUMBER_OBJECT_CONVERSION = YES_AGGRESSIVE;
				CLANG_CXX_LANGUAGE_STANDARD = "gnu++17";
				CLANG_ENABLE_MODULES = YES;
				CLANG_ENABLE_OBJC_ARC = YES;
				CLANG_ENABLE_OBJC_WEAK = YES;
				CLANG_WARN_BLOCK_CAPTURE_AUTORELEASING = YES;
				CLANG_WARN_BOOL_CONVERSION = YES;
				CLANG_WARN_COMMA = YES;
				CLANG_WARN_CONSTANT_CONVERSION = YES;
				CLANG_WARN_DEPRECATED_OBJC_IMPLEMENTATIONS = YES;
				CLANG_WARN_DIRECT_OBJC_ISA_USAGE = YES_ERROR;
				CLANG_WARN_DOCUMENTATION_COMMENTS = YES;
				CLANG_WARN_EMPTY_BODY = YES;
				CLANG_WARN_ENUM_CONVERSION = YES;
				CLANG_WARN_INFINITE_RECURSION = YES;
				CLANG_WARN_INT_CONVERSION = YES;
				CLANG_WARN_NON_LITERAL_NULL_CONVERSION = YES;
				CLANG_WARN_OBJC_IMPLICIT_RETAIN_SELF = YES;
				CLANG_WARN_OBJC_LITERAL_CONVERSION = YES;
				CLANG_WARN_OBJC_ROOT_CLASS = YES_ERROR;
				CLANG_WARN_QUOTED_INCLUDE_IN_FRAMEWORK_HEADER = YES;
				CLANG_WARN_RANGE_LOOP_ANALYSIS = YES;
				CLANG_WARN_STRICT_PROTOTYPES = YES;
				CLANG_WARN_SUSPICIOUS_MOVE = YES;
				CLANG_WARN_UNGUARDED_AVAILABILITY = YES_AGGRESSIVE;
				CLANG_WARN_UNREACHABLE_CODE = YES;
				CLANG_WARN__DUPLICATE_METHOD_MATCH = YES;
				COPY_PHASE_STRIP = NO;
				DEBUG_INFORMATION_FORMAT = "dwarf-with-dsym";
				ENABLE_NS_ASSERTIONS = NO;
				ENABLE_STRICT_OBJC_MSGSEND = YES;
				GCC_C_LANGUAGE_STANDARD = gnu11;
				GCC_NO_COMMON_BLOCKS = YES;
				GCC_WARN_64_TO_32_BIT_CONVERSION = YES;
				GCC_WARN_ABOUT_RETURN_TYPE = YES_ERROR;
				GCC_WARN_UNDECLARED_SELECTOR = YES;
				GCC_WARN_UNINITIALIZED_AUTOS = YES_AGGRESSIVE;
				GCC_WARN_UNUSED_FUNCTION = YES;
				GCC_WARN_UNUSED_VARIABLE = YES;
				IPHONEOS_DEPLOYMENT_TARGET = 15.5;
				MTL_ENABLE_DEBUG_INFO = NO;
				MTL_FAST_MATH = YES;
				SDKROOT = iphoneos;
				SWIFT_COMPILATION_MODE = wholemodule;
				SWIFT_OPTIMIZATION_LEVEL = "-O";
				VALIDATE_PRODUCT = YES;
			};
			name = Release;
		};
		223DCE6E2898EDD500309EAC /* Debug */ = {
			isa = XCBuildConfiguration;
			buildSettings = {
				ASSETCATALOG_COMPILER_APPICON_NAME = AppIcon;
				ASSETCATALOG_COMPILER_GLOBAL_ACCENT_COLOR_NAME = AccentColor;
				CODE_SIGN_STYLE = Automatic;
				CURRENT_PROJECT_VERSION = 1;
				GENERATE_INFOPLIST_FILE = YES;
				INFOPLIST_FILE = toDoList/Info.plist;
				INFOPLIST_KEY_UIApplicationSupportsIndirectInputEvents = YES;
				INFOPLIST_KEY_UILaunchStoryboardName = LaunchScreen;
				INFOPLIST_KEY_UIMainStoryboardFile = Main;
				INFOPLIST_KEY_UISupportedInterfaceOrientations_iPad = "UIInterfaceOrientationPortrait UIInterfaceOrientationPortraitUpsideDown UIInterfaceOrientationLandscapeLeft UIInterfaceOrientationLandscapeRight";
				INFOPLIST_KEY_UISupportedInterfaceOrientations_iPhone = "UIInterfaceOrientationPortrait UIInterfaceOrientationLandscapeLeft UIInterfaceOrientationLandscapeRight";
				LD_RUNPATH_SEARCH_PATHS = (
					"$(inherited)",
					"@executable_path/Frameworks",
				);
				MARKETING_VERSION = 1.0;
				PRODUCT_BUNDLE_IDENTIFIER = KWK.toDoList;
				PRODUCT_NAME = "$(TARGET_NAME)";
				SWIFT_EMIT_LOC_STRINGS = YES;
				SWIFT_VERSION = 5.0;
				TARGETED_DEVICE_FAMILY = "1,2";
			};
			name = Debug;
		};
		223DCE6F2898EDD500309EAC /* Release */ = {
			isa = XCBuildConfiguration;
			buildSettings = {
				ASSETCATALOG_COMPILER_APPICON_NAME = AppIcon;
				ASSETCATALOG_COMPILER_GLOBAL_ACCENT_COLOR_NAME = AccentColor;
				CODE_SIGN_STYLE = Automatic;
				CURRENT_PROJECT_VERSION = 1;
				GENERATE_INFOPLIST_FILE = YES;
				INFOPLIST_FILE = toDoList/Info.plist;
				INFOPLIST_KEY_UIApplicationSupportsIndirectInputEvents = YES;
				INFOPLIST_KEY_UILaunchStoryboardName = LaunchScreen;
				INFOPLIST_KEY_UIMainStoryboardFile = Main;
				INFOPLIST_KEY_UISupportedInterfaceOrientations_iPad = "UIInterfaceOrientationPortrait UIInterfaceOrientationPortraitUpsideDown UIInterfaceOrientationLandscapeLeft UIInterfaceOrientationLandscapeRight";
				INFOPLIST_KEY_UISupportedInterfaceOrientations_iPhone = "UIInterfaceOrientationPortrait UIInterfaceOrientationLandscapeLeft UIInterfaceOrientationLandscapeRight";
				LD_RUNPATH_SEARCH_PATHS = (
					"$(inherited)",
					"@executable_path/Frameworks",
				);
				MARKETING_VERSION = 1.0;
				PRODUCT_BUNDLE_IDENTIFIER = KWK.toDoList;
				PRODUCT_NAME = "$(TARGET_NAME)";
				SWIFT_EMIT_LOC_STRINGS = YES;
				SWIFT_VERSION = 5.0;
				TARGETED_DEVICE_FAMILY = "1,2";
			};
			name = Release;
		};
		223DCE712898EDD500309EAC /* Debug */ = {
			isa = XCBuildConfiguration;
			buildSettings = {
				ALWAYS_EMBED_SWIFT_STANDARD_LIBRARIES = YES;
				BUNDLE_LOADER = "$(TEST_HOST)";
				CODE_SIGN_STYLE = Automatic;
				CURRENT_PROJECT_VERSION = 1;
				GENERATE_INFOPLIST_FILE = YES;
				IPHONEOS_DEPLOYMENT_TARGET = 15.5;
				MARKETING_VERSION = 1.0;
				PRODUCT_BUNDLE_IDENTIFIER = KWK.toDoListTests;
				PRODUCT_NAME = "$(TARGET_NAME)";
				SWIFT_EMIT_LOC_STRINGS = NO;
				SWIFT_VERSION = 5.0;
				TARGETED_DEVICE_FAMILY = "1,2";
				TEST_HOST = "$(BUILT_PRODUCTS_DIR)/toDoList.app/toDoList";
			};
			name = Debug;
		};
		223DCE722898EDD500309EAC /* Release */ = {
			isa = XCBuildConfiguration;
			buildSettings = {
				ALWAYS_EMBED_SWIFT_STANDARD_LIBRARIES = YES;
				BUNDLE_LOADER = "$(TEST_HOST)";
				CODE_SIGN_STYLE = Automatic;
				CURRENT_PROJECT_VERSION = 1;
				GENERATE_INFOPLIST_FILE = YES;
				IPHONEOS_DEPLOYMENT_TARGET = 15.5;
				MARKETING_VERSION = 1.0;
				PRODUCT_BUNDLE_IDENTIFIER = KWK.toDoListTests;
				PRODUCT_NAME = "$(TARGET_NAME)";
				SWIFT_EMIT_LOC_STRINGS = NO;
				SWIFT_VERSION = 5.0;
				TARGETED_DEVICE_FAMILY = "1,2";
				TEST_HOST = "$(BUILT_PRODUCTS_DIR)/toDoList.app/toDoList";
			};
			name = Release;
		};
		223DCE742898EDD500309EAC /* Debug */ = {
			isa = XCBuildConfiguration;
			buildSettings = {
				ALWAYS_EMBED_SWIFT_STANDARD_LIBRARIES = YES;
				CODE_SIGN_STYLE = Automatic;
				CURRENT_PROJECT_VERSION = 1;
				GENERATE_INFOPLIST_FILE = YES;
				MARKETING_VERSION = 1.0;
				PRODUCT_BUNDLE_IDENTIFIER = KWK.toDoListUITests;
				PRODUCT_NAME = "$(TARGET_NAME)";
				SWIFT_EMIT_LOC_STRINGS = NO;
				SWIFT_VERSION = 5.0;
				TARGETED_DEVICE_FAMILY = "1,2";
				TEST_TARGET_NAME = toDoList;
			};
			name = Debug;
		};
		223DCE752898EDD500309EAC /* Release */ = {
			isa = XCBuildConfiguration;
			buildSettings = {
				ALWAYS_EMBED_SWIFT_STANDARD_LIBRARIES = YES;
				CODE_SIGN_STYLE = Automatic;
				CURRENT_PROJECT_VERSION = 1;
				GENERATE_INFOPLIST_FILE = YES;
				MARKETING_VERSION = 1.0;
				PRODUCT_BUNDLE_IDENTIFIER = KWK.toDoListUITests;
				PRODUCT_NAME = "$(TARGET_NAME)";
				SWIFT_EMIT_LOC_STRINGS = NO;
				SWIFT_VERSION = 5.0;
				TARGETED_DEVICE_FAMILY = "1,2";
				TEST_TARGET_NAME = toDoList;
			};
			name = Release;
		};
/* End XCBuildConfiguration section */

/* Begin XCConfigurationList section */
		223DCE3B2898EDCE00309EAC /* Build configuration list for PBXProject "toDoList" */ = {
			isa = XCConfigurationList;
			buildConfigurations = (
				223DCE6B2898EDD500309EAC /* Debug */,
				223DCE6C2898EDD500309EAC /* Release */,
			);
			defaultConfigurationIsVisible = 0;
			defaultConfigurationName = Release;
		};
		223DCE6D2898EDD500309EAC /* Build configuration list for PBXNativeTarget "toDoList" */ = {
			isa = XCConfigurationList;
			buildConfigurations = (
				223DCE6E2898EDD500309EAC /* Debug */,
				223DCE6F2898EDD500309EAC /* Release */,
			);
			defaultConfigurationIsVisible = 0;
			defaultConfigurationName = Release;
		};
		223DCE702898EDD500309EAC /* Build configuration list for PBXNativeTarget "toDoListTests" */ = {
			isa = XCConfigurationList;
			buildConfigurations = (
				223DCE712898EDD500309EAC /* Debug */,
				223DCE722898EDD500309EAC /* Release */,
			);
			defaultConfigurationIsVisible = 0;
			defaultConfigurationName = Release;
		};
		223DCE732898EDD500309EAC /* Build configuration list for PBXNativeTarget "toDoListUITests" */ = {
			isa = XCConfigurationList;
			buildConfigurations = (
				223DCE742898EDD500309EAC /* Debug */,
				223DCE752898EDD500309EAC /* Release */,
			);
			defaultConfigurationIsVisible = 0;
			defaultConfigurationName = Release;
		};
/* End XCConfigurationList section */

/* Begin XCVersionGroup section */
		223DCE4C2898EDCE00309EAC /* toDoList.xcdatamodeld */ = {
			isa = XCVersionGroup;
			children = (
				223DCE4D2898EDCE00309EAC /* toDoList.xcdatamodel */,
			);
			currentVersion = 223DCE4D2898EDCE00309EAC /* toDoList.xcdatamodel */;
			path = toDoList.xcdatamodeld;
			sourceTree = "<group>";
			versionGroupType = wrapper.xcdatamodel;
		};
/* End XCVersionGroup section */
	};
	rootObject = 223DCE382898EDCE00309EAC /* Project object */;
}
